
Microsoft Visual Studio Solution File, Format Version 12.00
# Visual Studio Version 17
VisualStudioVersion = 17.0.31903.59
MinimumVisualStudioVersion = 10.0.40219.1
Project("{2150E333-8FDC-42A3-9474-1A3956D46DE8}") = "Services", "Services", "{25CAD6A6-1F4B-4433-8D1F-F8E0BB8E7907}"
EndProject
Project("{2150E333-8FDC-42A3-9474-1A3956D46DE8}") = "Catalog", "Catalog", "{4E469465-4F2A-4847-8C97-C08210ADC98C}"
EndProject
Project("{FAE04EC0-301F-11D3-BF4B-00C04F79EFBC}") = "Catalog.API", "Services\Catalog\Catalog.API\Catalog.API.csproj", "{13ADC18D-BAE5-4AE8-80D6-1E96FF5970BD}"
EndProject
Project("{2150E333-8FDC-42A3-9474-1A3956D46DE8}") = "BuildingBlocks", "BuildingBlocks", "{078110EE-9D20-497F-9ADB-D5692B6CEE8B}"
EndProject
Project("{FAE04EC0-301F-11D3-BF4B-00C04F79EFBC}") = "BuildingBlocks", "BuildingBlocks\BuildingBlocks\BuildingBlocks.csproj", "{B4D178AD-06FD-4B83-8105-B28F159DA2D5}"
EndProject
Project("{2150E333-8FDC-42A3-9474-1A3956D46DE8}") = "Basket", "Basket", "{455375CB-7EAE-48B0-8902-EE88DAB3AE37}"
EndProject
Project("{FAE04EC0-301F-11D3-BF4B-00C04F79EFBC}") = "Basket.API", "Services\Basket\Basket.API\Basket.API.csproj", "{77D65BB1-80F5-451C-A986-01D5F4E4B2FC}"
EndProject
Project("{2150E333-8FDC-42A3-9474-1A3956D46DE8}") = "Discount", "Discount", "{54D99856-2699-4C14-9EAE-BD4703E5BB25}"
EndProject
Project("{FAE04EC0-301F-11D3-BF4B-00C04F79EFBC}") = "Discount.Grpc", "Services\Discount\Discount.Grpc\Discount.Grpc.csproj", "{C5D0EC1F-19C8-49FE-934A-C1CDA6DCA3D1}"
EndProject
Project("{2150E333-8FDC-42A3-9474-1A3956D46DE8}") = "Ordering", "Ordering", "{C0DF9625-0E3D-471C-B593-7DA5029DE8E5}"
EndProject
Project("{FAE04EC0-301F-11D3-BF4B-00C04F79EFBC}") = "Ordering.API", "Services\Ordering\Ordering.API\Ordering.API.csproj", "{FA1AD08C-43FD-4E74-8D71-A96EE4FEB724}"
EndProject
Project("{FAE04EC0-301F-11D3-BF4B-00C04F79EFBC}") = "Ordering.Domain", "Services\Ordering\Ordering.Domain\Ordering.Domain.csproj", "{875786AC-86CC-46DF-950C-7E800F71379F}"
EndProject
Project("{FAE04EC0-301F-11D3-BF4B-00C04F79EFBC}") = "Ordering.Application", "Services\Ordering\Ordering.Application\Ordering.Application.csproj", "{93E23AFA-FA95-41C5-8876-B233837838AE}"
EndProject
Project("{FAE04EC0-301F-11D3-BF4B-00C04F79EFBC}") = "Ordering.Infrastructure", "Services\Ordering\Ordering.Infrastructure\Ordering.Infrastructure.csproj", "{662DCC42-DAA0-46B1-B740-51821CDA60E5}"
EndProject
Project("{FAE04EC0-301F-11D3-BF4B-00C04F79EFBC}") = "BuildingBlocks.Messaging", "BuildingBlocks\BuildingBlocks.Messaging\BuildingBlocks.Messaging.csproj", "{708C12F7-E2A6-4D2C-ABB6-68B10CF949EE}"
EndProject
Global
	GlobalSection(SolutionConfigurationPlatforms) = preSolution
		Debug|Any CPU = Debug|Any CPU
		Release|Any CPU = Release|Any CPU
	EndGlobalSection
	GlobalSection(SolutionProperties) = preSolution
		HideSolutionNode = FALSE
	EndGlobalSection
	GlobalSection(ProjectConfigurationPlatforms) = postSolution
		{13ADC18D-BAE5-4AE8-80D6-1E96FF5970BD}.Debug|Any CPU.ActiveCfg = Debug|Any CPU
		{13ADC18D-BAE5-4AE8-80D6-1E96FF5970BD}.Debug|Any CPU.Build.0 = Debug|Any CPU
		{13ADC18D-BAE5-4AE8-80D6-1E96FF5970BD}.Release|Any CPU.ActiveCfg = Release|Any CPU
		{13ADC18D-BAE5-4AE8-80D6-1E96FF5970BD}.Release|Any CPU.Build.0 = Release|Any CPU
		{B4D178AD-06FD-4B83-8105-B28F159DA2D5}.Debug|Any CPU.ActiveCfg = Debug|Any CPU
		{B4D178AD-06FD-4B83-8105-B28F159DA2D5}.Debug|Any CPU.Build.0 = Debug|Any CPU
		{B4D178AD-06FD-4B83-8105-B28F159DA2D5}.Release|Any CPU.ActiveCfg = Release|Any CPU
		{B4D178AD-06FD-4B83-8105-B28F159DA2D5}.Release|Any CPU.Build.0 = Release|Any CPU
		{77D65BB1-80F5-451C-A986-01D5F4E4B2FC}.Debug|Any CPU.ActiveCfg = Debug|Any CPU
		{77D65BB1-80F5-451C-A986-01D5F4E4B2FC}.Debug|Any CPU.Build.0 = Debug|Any CPU
		{77D65BB1-80F5-451C-A986-01D5F4E4B2FC}.Release|Any CPU.ActiveCfg = Release|Any CPU
		{77D65BB1-80F5-451C-A986-01D5F4E4B2FC}.Release|Any CPU.Build.0 = Release|Any CPU
		{C5D0EC1F-19C8-49FE-934A-C1CDA6DCA3D1}.Debug|Any CPU.ActiveCfg = Debug|Any CPU
		{C5D0EC1F-19C8-49FE-934A-C1CDA6DCA3D1}.Debug|Any CPU.Build.0 = Debug|Any CPU
		{C5D0EC1F-19C8-49FE-934A-C1CDA6DCA3D1}.Release|Any CPU.ActiveCfg = Release|Any CPU
		{C5D0EC1F-19C8-49FE-934A-C1CDA6DCA3D1}.Release|Any CPU.Build.0 = Release|Any CPU
		{FA1AD08C-43FD-4E74-8D71-A96EE4FEB724}.Debug|Any CPU.ActiveCfg = Debug|Any CPU
		{FA1AD08C-43FD-4E74-8D71-A96EE4FEB724}.Debug|Any CPU.Build.0 = Debug|Any CPU
		{FA1AD08C-43FD-4E74-8D71-A96EE4FEB724}.Release|Any CPU.ActiveCfg = Release|Any CPU
		{FA1AD08C-43FD-4E74-8D71-A96EE4FEB724}.Release|Any CPU.Build.0 = Release|Any CPU
		{875786AC-86CC-46DF-950C-7E800F71379F}.Debug|Any CPU.ActiveCfg = Debug|Any CPU
		{875786AC-86CC-46DF-950C-7E800F71379F}.Debug|Any CPU.Build.0 = Debug|Any CPU
		{875786AC-86CC-46DF-950C-7E800F71379F}.Release|Any CPU.ActiveCfg = Release|Any CPU
		{875786AC-86CC-46DF-950C-7E800F71379F}.Release|Any CPU.Build.0 = Release|Any CPU
		{93E23AFA-FA95-41C5-8876-B233837838AE}.Debug|Any CPU.ActiveCfg = Debug|Any CPU
		{93E23AFA-FA95-41C5-8876-B233837838AE}.Debug|Any CPU.Build.0 = Debug|Any CPU
		{93E23AFA-FA95-41C5-8876-B233837838AE}.Release|Any CPU.ActiveCfg = Release|Any CPU
		{93E23AFA-FA95-41C5-8876-B233837838AE}.Release|Any CPU.Build.0 = Release|Any CPU
		{662DCC42-DAA0-46B1-B740-51821CDA60E5}.Debug|Any CPU.ActiveCfg = Debug|Any CPU
		{662DCC42-DAA0-46B1-B740-51821CDA60E5}.Debug|Any CPU.Build.0 = Debug|Any CPU
		{662DCC42-DAA0-46B1-B740-51821CDA60E5}.Release|Any CPU.ActiveCfg = Release|Any CPU
		{662DCC42-DAA0-46B1-B740-51821CDA60E5}.Release|Any CPU.Build.0 = Release|Any CPU
		{708C12F7-E2A6-4D2C-ABB6-68B10CF949EE}.Debug|Any CPU.ActiveCfg = Debug|Any CPU
		{708C12F7-E2A6-4D2C-ABB6-68B10CF949EE}.Debug|Any CPU.Build.0 = Debug|Any CPU
		{708C12F7-E2A6-4D2C-ABB6-68B10CF949EE}.Release|Any CPU.ActiveCfg = Release|Any CPU
		{708C12F7-E2A6-4D2C-ABB6-68B10CF949EE}.Release|Any CPU.Build.0 = Release|Any CPU
	EndGlobalSection
	GlobalSection(NestedProjects) = preSolution
		{4E469465-4F2A-4847-8C97-C08210ADC98C} = {25CAD6A6-1F4B-4433-8D1F-F8E0BB8E7907}
		{13ADC18D-BAE5-4AE8-80D6-1E96FF5970BD} = {4E469465-4F2A-4847-8C97-C08210ADC98C}
		{B4D178AD-06FD-4B83-8105-B28F159DA2D5} = {078110EE-9D20-497F-9ADB-D5692B6CEE8B}
		{455375CB-7EAE-48B0-8902-EE88DAB3AE37} = {25CAD6A6-1F4B-4433-8D1F-F8E0BB8E7907}
		{77D65BB1-80F5-451C-A986-01D5F4E4B2FC} = {455375CB-7EAE-48B0-8902-EE88DAB3AE37}
		{54D99856-2699-4C14-9EAE-BD4703E5BB25} = {25CAD6A6-1F4B-4433-8D1F-F8E0BB8E7907}
		{C5D0EC1F-19C8-49FE-934A-C1CDA6DCA3D1} = {54D99856-2699-4C14-9EAE-BD4703E5BB25}
		{C0DF9625-0E3D-471C-B593-7DA5029DE8E5} = {25CAD6A6-1F4B-4433-8D1F-F8E0BB8E7907}
		{FA1AD08C-43FD-4E74-8D71-A96EE4FEB724} = {C0DF9625-0E3D-471C-B593-7DA5029DE8E5}
		{875786AC-86CC-46DF-950C-7E800F71379F} = {C0DF9625-0E3D-471C-B593-7DA5029DE8E5}
		{93E23AFA-FA95-41C5-8876-B233837838AE} = {C0DF9625-0E3D-471C-B593-7DA5029DE8E5}
		{662DCC42-DAA0-46B1-B740-51821CDA60E5} = {C0DF9625-0E3D-471C-B593-7DA5029DE8E5}
		{708C12F7-E2A6-4D2C-ABB6-68B10CF949EE} = {078110EE-9D20-497F-9ADB-D5692B6CEE8B}
	EndGlobalSection
EndGlobal
